# THIS IS AN AUTOGENERATED FILE. DO NOT EDIT THIS FILE DIRECTLY.
# yarn lockfile v1


"@mu-online-js/mu-packet-manager@^0.0":
  version "0.0.15"
  resolved "https://registry.yarnpkg.com/@mu-online-js/mu-packet-manager/-/mu-packet-manager-0.0.15.tgz#82fa348231734763d54624d4c7f392db00d6263c"
  integrity sha512-fiHCPdbys+c1PQ+MTPmT7TVad/TmlY8wGDrml6qoqzsPFOED7UDcCAc031j2/6R719wuOOlC/Z4BHAK22nxTag==
