# THIS IS AN AUTOGENERATED FILE. DO NOT EDIT THIS FILE DIRECTLY.
# yarn lockfile v1


"@mu-online-js/mu-packet-manager@^0.0.9":
  version "0.0.9"
  resolved "https://registry.yarnpkg.com/@mu-online-js/mu-packet-manager/-/mu-packet-manager-0.0.9.tgz#34ea397dc4a0363d2df31686a8858d7f3bf6189a"
  integrity sha512-jXjk2/zExMQubx0/B05bDoWZzp6PSmEBTSZjz3QUsO8WW0wMXiCPAVKpd/9pH9UtQk39pS5qUT5MRMSYvY+eVw==
