# THIS IS AN AUTOGENERATED FILE. DO NOT EDIT THIS FILE DIRECTLY.
# yarn lockfile v1


"@mu-online-js/mu-packet-manager@^0.0":
  version "0.0.13"
  resolved "https://registry.yarnpkg.com/@mu-online-js/mu-packet-manager/-/mu-packet-manager-0.0.13.tgz#e00bb6724af34b95c877678c6527d42ab3258119"
  integrity sha512-ComeAP7XOFBzfkUUgUV6jhhEQB/REGRY1ytkhbheZtSbUrAydVcUCY9pbUz1UMqM2YFiweKMydTLCPPwFTFG3A==
